
Microsoft Visual Studio Solution File, Format Version 12.00
# Visual Studio Version 17
VisualStudioVersion = 17.2.32630.192
MinimumVisualStudioVersion = 10.0.40219.1
Project("{9A19103F-16F7-4668-BE54-9A1E7A4F7556}") = "R5T.T0009.Construction", "R5T.T0009.Construction\R5T.T0009.Construction.csproj", "{465EA464-627D-44F3-8120-A0903CE726F8}"
EndProject
Project("{9A19103F-16F7-4668-BE54-9A1E7A4F7556}") = "R5T.T0009", "R5T.T0009\R5T.T0009.csproj", "{F99E94A9-B88B-4751-A253-4DB58DDF4163}"
EndProject
Project("{2150E333-8FDC-42A3-9474-1A3956D46DE8}") = "_Dependencies", "_Dependencies", "{3BEEAB33-46F9-4C02-AB3A-621D8F5F70CB}"
EndProject
Project("{9A19103F-16F7-4668-BE54-9A1E7A4F7556}") = "R5T.Stagira", "..\..\R5T.Stagira\source\R5T.Stagira\R5T.Stagira.csproj", "{666DDFD4-6F80-4407-B9A6-9CD7FE92BEA4}"
EndProject
Project("{9A19103F-16F7-4668-BE54-9A1E7A4F7556}") = "R5T.Magyar", "..\..\R5T.Magyar\source\R5T.Magyar\R5T.Magyar.csproj", "{BA590CBC-904D-4742-80DB-C93DE1DE6B91}"
EndProject
Project("{9A19103F-16F7-4668-BE54-9A1E7A4F7556}") = "R5T.T0143", "..\..\R5T.T0143\source\R5T.T0143\R5T.T0143.csproj", "{8AF252BB-9514-4171-9B68-DE0898AFE973}"
EndProject
Project("{9A19103F-16F7-4668-BE54-9A1E7A4F7556}") = "R5T.T0150", "..\..\R5T.T0150\source\R5T.T0150\R5T.T0150.csproj", "{E143D182-7F98-47ED-8FE1-30AE7D2B1069}"
EndProject
Global
	GlobalSection(NestedProjects) = preSolution
		{666DDFD4-6F80-4407-B9A6-9CD7FE92BEA4} = {3BEEAB33-46F9-4C02-AB3A-621D8F5F70CB}
		{BA590CBC-904D-4742-80DB-C93DE1DE6B91} = {3BEEAB33-46F9-4C02-AB3A-621D8F5F70CB}
		{8AF252BB-9514-4171-9B68-DE0898AFE973} = {3BEEAB33-46F9-4C02-AB3A-621D8F5F70CB}
		{E143D182-7F98-47ED-8FE1-30AE7D2B1069} = {3BEEAB33-46F9-4C02-AB3A-621D8F5F70CB}
	EndGlobalSection
	GlobalSection(SolutionConfigurationPlatforms) = preSolution
		Debug|Any CPU = Debug|Any CPU
		Debug|x64 = Debug|x64
		Debug|x86 = Debug|x86
		Release|Any CPU = Release|Any CPU
		Release|x64 = Release|x64
		Release|x86 = Release|x86
	EndGlobalSection
	GlobalSection(ProjectConfigurationPlatforms) = postSolution
		{465EA464-627D-44F3-8120-A0903CE726F8}.Debug|Any CPU.ActiveCfg = Debug|Any CPU
		{465EA464-627D-44F3-8120-A0903CE726F8}.Debug|Any CPU.Build.0 = Debug|Any CPU
		{465EA464-627D-44F3-8120-A0903CE726F8}.Debug|x64.ActiveCfg = Debug|Any CPU
		{465EA464-627D-44F3-8120-A0903CE726F8}.Debug|x64.Build.0 = Debug|Any CPU
		{465EA464-627D-44F3-8120-A0903CE726F8}.Debug|x86.ActiveCfg = Debug|Any CPU
		{465EA464-627D-44F3-8120-A0903CE726F8}.Debug|x86.Build.0 = Debug|Any CPU
		{465EA464-627D-44F3-8120-A0903CE726F8}.Release|Any CPU.ActiveCfg = Release|Any CPU
		{465EA464-627D-44F3-8120-A0903CE726F8}.Release|Any CPU.Build.0 = Release|Any CPU
		{465EA464-627D-44F3-8120-A0903CE726F8}.Release|x64.ActiveCfg = Release|Any CPU
		{465EA464-627D-44F3-8120-A0903CE726F8}.Release|x64.Build.0 = Release|Any CPU
		{465EA464-627D-44F3-8120-A0903CE726F8}.Release|x86.ActiveCfg = Release|Any CPU
		{465EA464-627D-44F3-8120-A0903CE726F8}.Release|x86.Build.0 = Release|Any CPU
		{F99E94A9-B88B-4751-A253-4DB58DDF4163}.Debug|Any CPU.ActiveCfg = Debug|Any CPU
		{F99E94A9-B88B-4751-A253-4DB58DDF4163}.Debug|Any CPU.Build.0 = Debug|Any CPU
		{F99E94A9-B88B-4751-A253-4DB58DDF4163}.Debug|x64.ActiveCfg = Debug|Any CPU
		{F99E94A9-B88B-4751-A253-4DB58DDF4163}.Debug|x64.Build.0 = Debug|Any CPU
		{F99E94A9-B88B-4751-A253-4DB58DDF4163}.Debug|x86.ActiveCfg = Debug|Any CPU
		{F99E94A9-B88B-4751-A253-4DB58DDF4163}.Debug|x86.Build.0 = Debug|Any CPU
		{F99E94A9-B88B-4751-A253-4DB58DDF4163}.Release|Any CPU.ActiveCfg = Release|Any CPU
		{F99E94A9-B88B-4751-A253-4DB58DDF4163}.Release|Any CPU.Build.0 = Release|Any CPU
		{F99E94A9-B88B-4751-A253-4DB58DDF4163}.Release|x64.ActiveCfg = Release|Any CPU
		{F99E94A9-B88B-4751-A253-4DB58DDF4163}.Release|x64.Build.0 = Release|Any CPU
		{F99E94A9-B88B-4751-A253-4DB58DDF4163}.Release|x86.ActiveCfg = Release|Any CPU
		{F99E94A9-B88B-4751-A253-4DB58DDF4163}.Release|x86.Build.0 = Release|Any CPU
		{666DDFD4-6F80-4407-B9A6-9CD7FE92BEA4}.Debug|Any CPU.ActiveCfg = Debug|Any CPU
		{666DDFD4-6F80-4407-B9A6-9CD7FE92BEA4}.Debug|Any CPU.Build.0 = Debug|Any CPU
		{666DDFD4-6F80-4407-B9A6-9CD7FE92BEA4}.Debug|x64.ActiveCfg = Debug|Any CPU
		{666DDFD4-6F80-4407-B9A6-9CD7FE92BEA4}.Debug|x64.Build.0 = Debug|Any CPU
		{666DDFD4-6F80-4407-B9A6-9CD7FE92BEA4}.Debug|x86.ActiveCfg = Debug|Any CPU
		{666DDFD4-6F80-4407-B9A6-9CD7FE92BEA4}.Debug|x86.Build.0 = Debug|Any CPU
		{666DDFD4-6F80-4407-B9A6-9CD7FE92BEA4}.Release|Any CPU.ActiveCfg = Release|Any CPU
		{666DDFD4-6F80-4407-B9A6-9CD7FE92BEA4}.Release|Any CPU.Build.0 = Release|Any CPU
		{666DDFD4-6F80-4407-B9A6-9CD7FE92BEA4}.Release|x64.ActiveCfg = Release|Any CPU
		{666DDFD4-6F80-4407-B9A6-9CD7FE92BEA4}.Release|x64.Build.0 = Release|Any CPU
		{666DDFD4-6F80-4407-B9A6-9CD7FE92BEA4}.Release|x86.ActiveCfg = Release|Any CPU
		{666DDFD4-6F80-4407-B9A6-9CD7FE92BEA4}.Release|x86.Build.0 = Release|Any CPU
		{BA590CBC-904D-4742-80DB-C93DE1DE6B91}.Debug|Any CPU.ActiveCfg = Debug|Any CPU
		{BA590CBC-904D-4742-80DB-C93DE1DE6B91}.Debug|Any CPU.Build.0 = Debug|Any CPU
		{BA590CBC-904D-4742-80DB-C93DE1DE6B91}.Debug|x64.ActiveCfg = Debug|Any CPU
		{BA590CBC-904D-4742-80DB-C93DE1DE6B91}.Debug|x64.Build.0 = Debug|Any CPU
		{BA590CBC-904D-4742-80DB-C93DE1DE6B91}.Debug|x86.ActiveCfg = Debug|Any CPU
		{BA590CBC-904D-4742-80DB-C93DE1DE6B91}.Debug|x86.Build.0 = Debug|Any CPU
		{BA590CBC-904D-4742-80DB-C93DE1DE6B91}.Release|Any CPU.ActiveCfg = Release|Any CPU
		{BA590CBC-904D-4742-80DB-C93DE1DE6B91}.Release|Any CPU.Build.0 = Release|Any CPU
		{BA590CBC-904D-4742-80DB-C93DE1DE6B91}.Release|x64.ActiveCfg = Release|Any CPU
		{BA590CBC-904D-4742-80DB-C93DE1DE6B91}.Release|x64.Build.0 = Release|Any CPU
		{BA590CBC-904D-4742-80DB-C93DE1DE6B91}.Release|x86.ActiveCfg = Release|Any CPU
		{BA590CBC-904D-4742-80DB-C93DE1DE6B91}.Release|x86.Build.0 = Release|Any CPU
		{8AF252BB-9514-4171-9B68-DE0898AFE973}.Debug|Any CPU.ActiveCfg = Debug|Any CPU
		{8AF252BB-9514-4171-9B68-DE0898AFE973}.Debug|Any CPU.Build.0 = Debug|Any CPU
		{8AF252BB-9514-4171-9B68-DE0898AFE973}.Debug|x64.ActiveCfg = Debug|Any CPU
		{8AF252BB-9514-4171-9B68-DE0898AFE973}.Debug|x64.Build.0 = Debug|Any CPU
		{8AF252BB-9514-4171-9B68-DE0898AFE973}.Debug|x86.ActiveCfg = Debug|Any CPU
		{8AF252BB-9514-4171-9B68-DE0898AFE973}.Debug|x86.Build.0 = Debug|Any CPU
		{8AF252BB-9514-4171-9B68-DE0898AFE973}.Release|Any CPU.ActiveCfg = Release|Any CPU
		{8AF252BB-9514-4171-9B68-DE0898AFE973}.Release|Any CPU.Build.0 = Release|Any CPU
		{8AF252BB-9514-4171-9B68-DE0898AFE973}.Release|x64.ActiveCfg = Release|Any CPU
		{8AF252BB-9514-4171-9B68-DE0898AFE973}.Release|x64.Build.0 = Release|Any CPU
		{8AF252BB-9514-4171-9B68-DE0898AFE973}.Release|x86.ActiveCfg = Release|Any CPU
		{8AF252BB-9514-4171-9B68-DE0898AFE973}.Release|x86.Build.0 = Release|Any CPU
		{E143D182-7F98-47ED-8FE1-30AE7D2B1069}.Debug|Any CPU.ActiveCfg = Debug|Any CPU
		{E143D182-7F98-47ED-8FE1-30AE7D2B1069}.Debug|Any CPU.Build.0 = Debug|Any CPU
		{E143D182-7F98-47ED-8FE1-30AE7D2B1069}.Debug|x64.ActiveCfg = Debug|Any CPU
		{E143D182-7F98-47ED-8FE1-30AE7D2B1069}.Debug|x64.Build.0 = Debug|Any CPU
		{E143D182-7F98-47ED-8FE1-30AE7D2B1069}.Debug|x86.ActiveCfg = Debug|Any CPU
		{E143D182-7F98-47ED-8FE1-30AE7D2B1069}.Debug|x86.Build.0 = Debug|Any CPU
		{E143D182-7F98-47ED-8FE1-30AE7D2B1069}.Release|Any CPU.ActiveCfg = Release|Any CPU
		{E143D182-7F98-47ED-8FE1-30AE7D2B1069}.Release|Any CPU.Build.0 = Release|Any CPU
		{E143D182-7F98-47ED-8FE1-30AE7D2B1069}.Release|x64.ActiveCfg = Release|Any CPU
		{E143D182-7F98-47ED-8FE1-30AE7D2B1069}.Release|x64.Build.0 = Release|Any CPU
		{E143D182-7F98-47ED-8FE1-30AE7D2B1069}.Release|x86.ActiveCfg = Release|Any CPU
		{E143D182-7F98-47ED-8FE1-30AE7D2B1069}.Release|x86.Build.0 = Release|Any CPU
	EndGlobalSection
	GlobalSection(SolutionProperties) = preSolution
		HideSolutionNode = FALSE
	EndGlobalSection
	GlobalSection(ExtensibilityGlobals) = postSolution
		SolutionGuid = {945EC917-31BF-45A3-8423-668EBA5B979F}
	EndGlobalSection
EndGlobal
